Microsoft Visual Studio Solution File, Format Version 11.00
# Visual Studio 2008

Project("{740218E2-709C-B4D6-944E-AB28F584008B}") = "FlyBird", "Assembly-CSharp.csproj", "{025D65CF-84A1-DE0A-91AD-C6F0A4F9CABA}"
EndProject
Project("{740218E2-709C-B4D6-944E-AB28F584008B}") = "FlyBird", "Assembly-CSharp-Editor.csproj", "{FF398AB8-DB83-DA42-FE6B-F7B4DED5AE89}"
EndProject
Global
	GlobalSection(SolutionConfigurationPlatforms) = preSolution
		Debug|Any CPU = Debug|Any CPU
		Release|Any CPU = Release|Any CPU
	EndGlobalSection
	GlobalSection(ProjectConfigurationPlatforms) = postSolution
		{025D65CF-84A1-DE0A-91AD-C6F0A4F9CABA}.Debug|Any CPU.ActiveCfg = Debug|Any CPU
		{025D65CF-84A1-DE0A-91AD-C6F0A4F9CABA}.Debug|Any CPU.Build.0 = Debug|Any CPU
		{025D65CF-84A1-DE0A-91AD-C6F0A4F9CABA}.Release|Any CPU.ActiveCfg = Release|Any CPU
		{025D65CF-84A1-DE0A-91AD-C6F0A4F9CABA}.Release|Any CPU.Build.0 = Release|Any CPU
		{FF398AB8-DB83-DA42-FE6B-F7B4DED5AE89}.Debug|Any CPU.ActiveCfg = Debug|Any CPU
		{FF398AB8-DB83-DA42-FE6B-F7B4DED5AE89}.Debug|Any CPU.Build.0 = Debug|Any CPU
		{FF398AB8-DB83-DA42-FE6B-F7B4DED5AE89}.Release|Any CPU.ActiveCfg = Release|Any CPU
		{FF398AB8-DB83-DA42-FE6B-F7B4DED5AE89}.Release|Any CPU.Build.0 = Release|Any CPU
	EndGlobalSection
	GlobalSection(SolutionProperties) = preSolution
		HideSolutionNode = FALSE
	EndGlobalSection
	GlobalSection(MonoDevelopProperties) = preSolution
		StartupItem = Assembly-CSharp.csproj
	EndGlobalSection
EndGlobal
